{
  "name": "bm-elementor",
  "version": "1.0.0",
  "lockfileVersion": 1,
  "requires": true,
  "dependencies": {
    "browser-detect": {
      "version": "0.2.28",
      "resolved": "https://registry.npmjs.org/browser-detect/-/browser-detect-0.2.28.tgz",
      "integrity": "sha512-KeWGHqYQmHDkCFG2dIiX/2wFUgqevbw/rd6wNi9N6rZbaSJFtG5kel0HtprRwCGp8sqpQP79LzDJXf/WCx4WAw==",
      "requires": {
        "core-js": "^2.5.7"
      }
    },
    "core-js": {
      "version": "2.6.9",
      "resolved": "https://registry.npmjs.org/core-js/-/core-js-2.6.9.tgz",
      "integrity": "sha512-HOpZf6eXmnl7la+cUdMnLvUxKNqLUzJvgIziQ0DiF3JwSImNphIqdGqzj6hIKyX04MmV0poclQ7+wjWvxQyR2A=="
    },
    "lottie-web": {
      "version": "5.5.7",
      "resolved": "https://registry.npmjs.org/lottie-web/-/lottie-web-5.5.7.tgz",
      "integrity": "sha512-NqXq1AncbLvUXHzQwpNMv4ySLOj6IWXOuN8GZbz6e3lMfw6y93rrxVhwYTPudQ8VKAYLjwu72cZiPQgcDt+mPg=="
    }
  }
}
